
Microsoft Visual Studio Solution File, Format Version 12.00
# Visual Studio Version 17
VisualStudioVersion = 17.10.35013.160
MinimumVisualStudioVersion = 10.0.40219.1
Project("{9A19103F-16F7-4668-BE54-9A1E7A4F7556}") = "Epic Arts Entertainment", "Epic Arts Entertainment.csproj", "{D24888C9-F185-4569-94CA-BB81B2FA779D}"
EndProject
Global
	GlobalSection(SolutionConfigurationPlatforms) = preSolution
		Debug|Any CPU = Debug|Any CPU
		Release|Any CPU = Release|Any CPU
	EndGlobalSection
	GlobalSection(ProjectConfigurationPlatforms) = postSolution
		{D24888C9-F185-4569-94CA-BB81B2FA779D}.Debug|Any CPU.ActiveCfg = Debug|Any CPU
		{D24888C9-F185-4569-94CA-BB81B2FA779D}.Debug|Any CPU.Build.0 = Debug|Any CPU
		{D24888C9-F185-4569-94CA-BB81B2FA779D}.Release|Any CPU.ActiveCfg = Release|Any CPU
		{D24888C9-F185-4569-94CA-BB81B2FA779D}.Release|Any CPU.Build.0 = Release|Any CPU
	EndGlobalSection
	GlobalSection(SolutionProperties) = preSolution
		HideSolutionNode = FALSE
	EndGlobalSection
	GlobalSection(ExtensibilityGlobals) = postSolution
		SolutionGuid = {D9D4103A-FC14-4608-A8CD-E7329B3B1DE7}
	EndGlobalSection
EndGlobal
